
Microsoft Visual Studio Solution File, Format Version 12.00
# Visual Studio Version 16
VisualStudioVersion = 16.0.29613.14
MinimumVisualStudioVersion = 10.0.40219.1
Project("{FAE04EC0-301F-11D3-BF4B-00C04F79EFBC}") = "aspNetsummary", "aspNetsummary\aspNetsummary.csproj", "{91BC4CDC-7019-4568-8C21-2E04C6DD0A90}"
	ProjectSection(ProjectDependencies) = postProject
		{A8310083-77B4-4E50-8DD1-F59A303EB2F9} = {A8310083-77B4-4E50-8DD1-F59A303EB2F9}
	EndProjectSection
EndProject
Project("{FAE04EC0-301F-11D3-BF4B-00C04F79EFBC}") = "Entities", "Entities\Entities.csproj", "{A8310083-77B4-4E50-8DD1-F59A303EB2F9}"
EndProject
Global
	GlobalSection(SolutionConfigurationPlatforms) = preSolution
		Debug|Any CPU = Debug|Any CPU
		Release|Any CPU = Release|Any CPU
	EndGlobalSection
	GlobalSection(ProjectConfigurationPlatforms) = postSolution
		{91BC4CDC-7019-4568-8C21-2E04C6DD0A90}.Debug|Any CPU.ActiveCfg = Debug|Any CPU
		{91BC4CDC-7019-4568-8C21-2E04C6DD0A90}.Debug|Any CPU.Build.0 = Debug|Any CPU
		{91BC4CDC-7019-4568-8C21-2E04C6DD0A90}.Release|Any CPU.ActiveCfg = Release|Any CPU
		{91BC4CDC-7019-4568-8C21-2E04C6DD0A90}.Release|Any CPU.Build.0 = Release|Any CPU
		{A8310083-77B4-4E50-8DD1-F59A303EB2F9}.Debug|Any CPU.ActiveCfg = Debug|Any CPU
		{A8310083-77B4-4E50-8DD1-F59A303EB2F9}.Debug|Any CPU.Build.0 = Debug|Any CPU
		{A8310083-77B4-4E50-8DD1-F59A303EB2F9}.Release|Any CPU.ActiveCfg = Release|Any CPU
		{A8310083-77B4-4E50-8DD1-F59A303EB2F9}.Release|Any CPU.Build.0 = Release|Any CPU
	EndGlobalSection
	GlobalSection(SolutionProperties) = preSolution
		HideSolutionNode = FALSE
	EndGlobalSection
	GlobalSection(ExtensibilityGlobals) = postSolution
		SolutionGuid = {BF0C0073-8BED-464A-8BCD-93600C62C167}
	EndGlobalSection
EndGlobal
